
Microsoft Visual Studio Solution File, Format Version 12.00
# Visual Studio Version 17
VisualStudioVersion = 17.14.36414.22 d17.14
MinimumVisualStudioVersion = 10.0.40219.1
Project("{FAE04EC0-301F-11D3-BF4B-00C04F79EFBC}") = "WindowsServiceMonitor.Ser", "WindowsServiceMonitor.Ser\WindowsServiceMonitor.Ser.csproj", "{3F88FD6B-0419-4CFB-A2DF-6E5DFE0D5E37}"
EndProject
Global
	GlobalSection(SolutionConfigurationPlatforms) = preSolution
		Debug|Any CPU = Debug|Any CPU
		Release|Any CPU = Release|Any CPU
	EndGlobalSection
	GlobalSection(ProjectConfigurationPlatforms) = postSolution
		{3F88FD6B-0419-4CFB-A2DF-6E5DFE0D5E37}.Debug|Any CPU.ActiveCfg = Debug|Any CPU
		{3F88FD6B-0419-4CFB-A2DF-6E5DFE0D5E37}.Debug|Any CPU.Build.0 = Debug|Any CPU
		{3F88FD6B-0419-4CFB-A2DF-6E5DFE0D5E37}.Release|Any CPU.ActiveCfg = Release|Any CPU
		{3F88FD6B-0419-4CFB-A2DF-6E5DFE0D5E37}.Release|Any CPU.Build.0 = Release|Any CPU
	EndGlobalSection
	GlobalSection(SolutionProperties) = preSolution
		HideSolutionNode = FALSE
	EndGlobalSection
	GlobalSection(ExtensibilityGlobals) = postSolution
		SolutionGuid = {7EAE8E84-1D49-44AF-9C3D-97BC63DCA885}
	EndGlobalSection
EndGlobal
